// !$*UTF8*$!
{
	archiveVersion = 1;
	classes = {
	};
	objectVersion = 55;
	objects = {

/* Begin PBXBuildFile section */
		5F2974EE2884521F007ABCE5 /* AppDelegate.swift in Sources */ = {isa = PBXBuildFile; fileRef = 5F2974ED2884521F007ABCE5 /* AppDelegate.swift */; };
		5F2974F02884521F007ABCE5 /* SceneDelegate.swift in Sources */ = {isa = PBXBuildFile; fileRef = 5F2974EF2884521F007ABCE5 /* SceneDelegate.swift */; };
		5F2974F22884521F007ABCE5 /* ViewController.swift in Sources */ = {isa = PBXBuildFile; fileRef = 5F2974F12884521F007ABCE5 /* ViewController.swift */; };
		5F2974F52884521F007ABCE5 /* Welcome.storyboard in Resources */ = {isa = PBXBuildFile; fileRef = 5F2974F32884521F007ABCE5 /* Welcome.storyboard */; };
		5F2974F728845224007ABCE5 /* Assets.xcassets in Resources */ = {isa = PBXBuildFile; fileRef = 5F2974F628845224007ABCE5 /* Assets.xcassets */; };
		5F2974FA28845224007ABCE5 /* LaunchScreen.storyboard in Resources */ = {isa = PBXBuildFile; fileRef = 5F2974F828845224007ABCE5 /* LaunchScreen.storyboard */; };
		5F2975022884593C007ABCE5 /* WelcomeViewController.swift in Sources */ = {isa = PBXBuildFile; fileRef = 5F2975012884593C007ABCE5 /* WelcomeViewController.swift */; };
		5F29750428845948007ABCE5 /* LoginViewController.swift in Sources */ = {isa = PBXBuildFile; fileRef = 5F29750328845948007ABCE5 /* LoginViewController.swift */; };
		5F29750628845953007ABCE5 /* RegisterViewController.swift in Sources */ = {isa = PBXBuildFile; fileRef = 5F29750528845953007ABCE5 /* RegisterViewController.swift */; };
		5F297508288459A7007ABCE5 /* Register.storyboard in Resources */ = {isa = PBXBuildFile; fileRef = 5F297507288459A7007ABCE5 /* Register.storyboard */; };
		5F29750A288459C8007ABCE5 /* Login.storyboard in Resources */ = {isa = PBXBuildFile; fileRef = 5F297509288459C8007ABCE5 /* Login.storyboard */; };
/* End PBXBuildFile section */

/* Begin PBXFileReference section */
		5F2974EA2884521F007ABCE5 /* loginPractice.app */ = {isa = PBXFileReference; explicitFileType = wrapper.application; includeInIndex = 0; path = loginPractice.app; sourceTree = BUILT_PRODUCTS_DIR; };
		5F2974ED2884521F007ABCE5 /* AppDelegate.swift */ = {isa = PBXFileReference; lastKnownFileType = sourcecode.swift; path = AppDelegate.swift; sourceTree = "<group>"; };
		5F2974EF2884521F007ABCE5 /* SceneDelegate.swift */ = {isa = PBXFileReference; lastKnownFileType = sourcecode.swift; path = SceneDelegate.swift; sourceTree = "<group>"; };
		5F2974F12884521F007ABCE5 /* ViewController.swift */ = {isa = PBXFileReference; lastKnownFileType = sourcecode.swift; path = ViewController.swift; sourceTree = "<group>"; };
		5F2974F42884521F007ABCE5 /* Base */ = {isa = PBXFileReference; lastKnownFileType = file.storyboard; name = Base; path = Base.lproj/Welcome.storyboard; sourceTree = "<group>"; };
		5F2974F628845224007ABCE5 /* Assets.xcassets */ = {isa = PBXFileReference; lastKnownFileType = folder.assetcatalog; path = Assets.xcassets; sourceTree = "<group>"; };
		5F2974F928845224007ABCE5 /* Base */ = {isa = PBXFileReference; lastKnownFileType = file.storyboard; name = Base; path = Base.lproj/LaunchScreen.storyboard; sourceTree = "<group>"; };
		5F2974FB28845224007ABCE5 /* Info.plist */ = {isa = PBXFileReference; lastKnownFileType = text.plist.xml; path = Info.plist; sourceTree = "<group>"; };
		5F2975012884593C007ABCE5 /* WelcomeViewController.swift */ = {isa = PBXFileReference; lastKnownFileType = sourcecode.swift; path = WelcomeViewController.swift; sourceTree = "<group>"; };
		5F29750328845948007ABCE5 /* LoginViewController.swift */ = {isa = PBXFileReference; lastKnownFileType = sourcecode.swift; path = LoginViewController.swift; sourceTree = "<group>"; };
		5F29750528845953007ABCE5 /* RegisterViewController.swift */ = {isa = PBXFileReference; lastKnownFileType = sourcecode.swift; path = RegisterViewController.swift; sourceTree = "<group>"; };
		5F297507288459A7007ABCE5 /* Register.storyboard */ = {isa = PBXFileReference; lastKnownFileType = file.storyboard; path = Register.storyboard; sourceTree = "<group>"; };
		5F297509288459C8007ABCE5 /* Login.storyboard */ = {isa = PBXFileReference; lastKnownFileType = file.storyboard; path = Login.storyboard; sourceTree = "<group>"; };
/* End PBXFileReference section */

/* Begin PBXFrameworksBuildPhase section */
		5F2974E72884521F007ABCE5 /* Frameworks */ = {
			isa = PBXFrameworksBuildPhase;
			buildActionMask = 2147483647;
			files = (
			);
			runOnlyForDeploymentPostprocessing = 0;
		};
/* End PBXFrameworksBuildPhase section */

/* Begin PBXGroup section */
		5F2974E12884521F007ABCE5 = {
			isa = PBXGroup;
			children = (
				5F2974EC2884521F007ABCE5 /* loginPractice */,
				5F2974EB2884521F007ABCE5 /* Products */,
			);
			sourceTree = "<group>";
		};
		5F2974EB2884521F007ABCE5 /* Products */ = {
			isa = PBXGroup;
			children = (
				5F2974EA2884521F007ABCE5 /* loginPractice.app */,
			);
			name = Products;
			sourceTree = "<group>";
		};
		5F2974EC2884521F007ABCE5 /* loginPractice */ = {
			isa = PBXGroup;
			children = (
				5F2974ED2884521F007ABCE5 /* AppDelegate.swift */,
				5F2974EF2884521F007ABCE5 /* SceneDelegate.swift */,
				5F2974F12884521F007ABCE5 /* ViewController.swift */,
				5F2974F32884521F007ABCE5 /* Welcome.storyboard */,
				5F297509288459C8007ABCE5 /* Login.storyboard */,
				5F297507288459A7007ABCE5 /* Register.storyboard */,
				5F2975012884593C007ABCE5 /* WelcomeViewController.swift */,
				5F29750328845948007ABCE5 /* LoginViewController.swift */,
				5F29750528845953007ABCE5 /* RegisterViewController.swift */,
				5F2974F628845224007ABCE5 /* Assets.xcassets */,
				5F2974F828845224007ABCE5 /* LaunchScreen.storyboard */,
				5F2974FB28845224007ABCE5 /* Info.plist */,
			);
			path = loginPractice;
			sourceTree = "<group>";
		};
/* End PBXGroup section */

/* Begin PBXNativeTarget section */
		5F2974E92884521F007ABCE5 /* loginPractice */ = {
			isa = PBXNativeTarget;
			buildConfigurationList = 5F2974FE28845224007ABCE5 /* Build configuration list for PBXNativeTarget "loginPractice" */;
			buildPhases = (
				5F2974E62884521F007ABCE5 /* Sources */,
				5F2974E72884521F007ABCE5 /* Frameworks */,
				5F2974E82884521F007ABCE5 /* Resources */,
			);
			buildRules = (
			);
			dependencies = (
			);
			name = loginPractice;
			productName = loginPractice;
			productReference = 5F2974EA2884521F007ABCE5 /* loginPractice.app */;
			productType = "com.apple.product-type.application";
		};
/* End PBXNativeTarget section */

/* Begin PBXProject section */
		5F2974E22884521F007ABCE5 /* Project object */ = {
			isa = PBXProject;
			attributes = {
				BuildIndependentTargetsInParallel = 1;
				LastSwiftUpdateCheck = 1340;
				LastUpgradeCheck = 1340;
				TargetAttributes = {
					5F2974E92884521F007ABCE5 = {
						CreatedOnToolsVersion = 13.4.1;
					};
				};
			};
			buildConfigurationList = 5F2974E52884521F007ABCE5 /* Build configuration list for PBXProject "loginPractice" */;
			compatibilityVersion = "Xcode 13.0";
			developmentRegion = en;
			hasScannedForEncodings = 0;
			knownRegions = (
				en,
				Base,
			);
			mainGroup = 5F2974E12884521F007ABCE5;
			productRefGroup = 5F2974EB2884521F007ABCE5 /* Products */;
			projectDirPath = "";
			projectRoot = "";
			targets = (
				5F2974E92884521F007ABCE5 /* loginPractice */,
			);
		};
/* End PBXProject section */

/* Begin PBXResourcesBuildPhase section */
		5F2974E82884521F007ABCE5 /* Resources */ = {
			isa = PBXResourcesBuildPhase;
			buildActionMask = 2147483647;
			files = (
				5F2974FA28845224007ABCE5 /* LaunchScreen.storyboard in Resources */,
				5F2974F728845224007ABCE5 /* Assets.xcassets in Resources */,
				5F2974F52884521F007ABCE5 /* Welcome.storyboard in Resources */,
				5F29750A288459C8007ABCE5 /* Login.storyboard in Resources */,
				5F297508288459A7007ABCE5 /* Register.storyboard in Resources */,
			);
			runOnlyForDeploymentPostprocessing = 0;
		};
/* End PBXResourcesBuildPhase section */

/* Begin PBXSourcesBuildPhase section */
		5F2974E62884521F007ABCE5 /* Sources */ = {
			isa = PBXSourcesBuildPhase;
			buildActionMask = 2147483647;
			files = (
				5F2974F22884521F007ABCE5 /* ViewController.swift in Sources */,
				5F2975022884593C007ABCE5 /* WelcomeViewController.swift in Sources */,
				5F2974EE2884521F007ABCE5 /* AppDelegate.swift in Sources */,
				5F29750628845953007ABCE5 /* RegisterViewController.swift in Sources */,
				5F29750428845948007ABCE5 /* LoginViewController.swift in Sources */,
				5F2974F02884521F007ABCE5 /* SceneDelegate.swift in Sources */,
			);
			runOnlyForDeploymentPostprocessing = 0;
		};
/* End PBXSourcesBuildPhase section */

/* Begin PBXVariantGroup section */
		5F2974F32884521F007ABCE5 /* Welcome.storyboard */ = {
			isa = PBXVariantGroup;
			children = (
				5F2974F42884521F007ABCE5 /* Base */,
			);
			name = Welcome.storyboard;
			sourceTree = "<group>";
		};
		5F2974F828845224007ABCE5 /* LaunchScreen.storyboard */ = {
			isa = PBXVariantGroup;
			children = (
				5F2974F928845224007ABCE5 /* Base */,
			);
			name = LaunchScreen.storyboard;
			sourceTree = "<group>";
		};
/* End PBXVariantGroup section */

/* Begin XCBuildConfiguration section */
		5F2974FC28845224007ABCE5 /* Debug */ = {
			isa = XCBuildConfiguration;
			buildSettings = {
				ALWAYS_SEARCH_USER_PATHS = NO;
				CLANG_ANALYZER_NONNULL = YES;
				CLANG_ANALYZER_NUMBER_OBJECT_CONVERSION = YES_AGGRESSIVE;
				CLANG_CXX_LANGUAGE_STANDARD = "gnu++17";
				CLANG_ENABLE_MODULES = YES;
				CLANG_ENABLE_OBJC_ARC = YES;
				CLANG_ENABLE_OBJC_WEAK = YES;
				CLANG_WARN_BLOCK_CAPTURE_AUTORELEASING = YES;
				CLANG_WARN_BOOL_CONVERSION = YES;
				CLANG_WARN_COMMA = YES;
				CLANG_WARN_CONSTANT_CONVERSION = YES;
				CLANG_WARN_DEPRECATED_OBJC_IMPLEMENTATIONS = YES;
				CLANG_WARN_DIRECT_OBJC_ISA_USAGE = YES_ERROR;
				CLANG_WARN_DOCUMENTATION_COMMENTS = YES;
				CLANG_WARN_EMPTY_BODY = YES;
				CLANG_WARN_ENUM_CONVERSION = YES;
				CLANG_WARN_INFINITE_RECURSION = YES;
				CLANG_WARN_INT_CONVERSION = YES;
				CLANG_WARN_NON_LITERAL_NULL_CONVERSION = YES;
				CLANG_WARN_OBJC_IMPLICIT_RETAIN_SELF = YES;
				CLANG_WARN_OBJC_LITERAL_CONVERSION = YES;
				CLANG_WARN_OBJC_ROOT_CLASS = YES_ERROR;
				CLANG_WARN_QUOTED_INCLUDE_IN_FRAMEWORK_HEADER = YES;
				CLANG_WARN_RANGE_LOOP_ANALYSIS = YES;
				CLANG_WARN_STRICT_PROTOTYPES = YES;
				CLANG_WARN_SUSPICIOUS_MOVE = YES;
				CLANG_WARN_UNGUARDED_AVAILABILITY = YES_AGGRESSIVE;
				CLANG_WARN_UNREACHABLE_CODE = YES;
				CLANG_WARN__DUPLICATE_METHOD_MATCH = YES;
				COPY_PHASE_STRIP = NO;
				DEBUG_INFORMATION_FORMAT = dwarf;
				ENABLE_STRICT_OBJC_MSGSEND = YES;
				ENABLE_TESTABILITY = YES;
				GCC_C_LANGUAGE_STANDARD = gnu11;
				GCC_DYNAMIC_NO_PIC = NO;
				GCC_NO_COMMON_BLOCKS = YES;
				GCC_OPTIMIZATION_LEVEL = 0;
				GCC_PREPROCESSOR_DEFINITIONS = (
					"DEBUG=1",
					"$(inherited)",
				);
				GCC_WARN_64_TO_32_BIT_CONVERSION = YES;
				GCC_WARN_ABOUT_RETURN_TYPE = YES_ERROR;
				GCC_WARN_UNDECLARED_SELECTOR = YES;
				GCC_WARN_UNINITIALIZED_AUTOS = YES_AGGRESSIVE;
				GCC_WARN_UNUSED_FUNCTION = YES;
				GCC_WARN_UNUSED_VARIABLE = YES;
				IPHONEOS_DEPLOYMENT_TARGET = 15.5;
				MTL_ENABLE_DEBUG_INFO = INCLUDE_SOURCE;
				MTL_FAST_MATH = YES;
				ONLY_ACTIVE_ARCH = YES;
				SDKROOT = iphoneos;
				SWIFT_ACTIVE_COMPILATION_CONDITIONS = DEBUG;
				SWIFT_OPTIMIZATION_LEVEL = "-Onone";
			};
			name = Debug;
		};
		5F2974FD28845224007ABCE5 /* Release */ = {
			isa = XCBuildConfiguration;
			buildSettings = {
				ALWAYS_SEARCH_USER_PATHS = NO;
				CLANG_ANALYZER_NONNULL = YES;
				CLANG_ANALYZER_NUMBER_OBJECT_CONVERSION = YES_AGGRESSIVE;
				CLANG_CXX_LANGUAGE_STANDARD = "gnu++17";
				CLANG_ENABLE_MODULES = YES;
				CLANG_ENABLE_OBJC_ARC = YES;
				CLANG_ENABLE_OBJC_WEAK = YES;
				CLANG_WARN_BLOCK_CAPTURE_AUTORELEASING = YES;
				CLANG_WARN_BOOL_CONVERSION = YES;
				CLANG_WARN_COMMA = YES;
				CLANG_WARN_CONSTANT_CONVERSION = YES;
				CLANG_WARN_DEPRECATED_OBJC_IMPLEMENTATIONS = YES;
				CLANG_WARN_DIRECT_OBJC_ISA_USAGE = YES_ERROR;
				CLANG_WARN_DOCUMENTATION_COMMENTS = YES;
				CLANG_WARN_EMPTY_BODY = YES;
				CLANG_WARN_ENUM_CONVERSION = YES;
				CLANG_WARN_INFINITE_RECURSION = YES;
				CLANG_WARN_INT_CONVERSION = YES;
				CLANG_WARN_NON_LITERAL_NULL_CONVERSION = YES;
				CLANG_WARN_OBJC_IMPLICIT_RETAIN_SELF = YES;
				CLANG_WARN_OBJC_LITERAL_CONVERSION = YES;
				CLANG_WARN_OBJC_ROOT_CLASS = YES_ERROR;
				CLANG_WARN_QUOTED_INCLUDE_IN_FRAMEWORK_HEADER = YES;
				CLANG_WARN_RANGE_LOOP_ANALYSIS = YES;
				CLANG_WARN_STRICT_PROTOTYPES = YES;
				CLANG_WARN_SUSPICIOUS_MOVE = YES;
				CLANG_WARN_UNGUARDED_AVAILABILITY = YES_AGGRESSIVE;
				CLANG_WARN_UNREACHABLE_CODE = YES;
				CLANG_WARN__DUPLICATE_METHOD_MATCH = YES;
				COPY_PHASE_STRIP = NO;
				DEBUG_INFORMATION_FORMAT = "dwarf-with-dsym";
				ENABLE_NS_ASSERTIONS = NO;
				ENABLE_STRICT_OBJC_MSGSEND = YES;
				GCC_C_LANGUAGE_STANDARD = gnu11;
				GCC_NO_COMMON_BLOCKS = YES;
				GCC_WARN_64_TO_32_BIT_CONVERSION = YES;
				GCC_WARN_ABOUT_RETURN_TYPE = YES_ERROR;
				GCC_WARN_UNDECLARED_SELECTOR = YES;
				GCC_WARN_UNINITIALIZED_AUTOS = YES_AGGRESSIVE;
				GCC_WARN_UNUSED_FUNCTION = YES;
				GCC_WARN_UNUSED_VARIABLE = YES;
				IPHONEOS_DEPLOYMENT_TARGET = 15.5;
				MTL_ENABLE_DEBUG_INFO = NO;
				MTL_FAST_MATH = YES;
				SDKROOT = iphoneos;
				SWIFT_COMPILATION_MODE = wholemodule;
				SWIFT_OPTIMIZATION_LEVEL = "-O";
				VALIDATE_PRODUCT = YES;
			};
			name = Release;
		};
		5F2974FF28845224007ABCE5 /* Debug */ = {
			isa = XCBuildConfiguration;
			buildSettings = {
				ASSETCATALOG_COMPILER_APPICON_NAME = AppIcon;
				ASSETCATALOG_COMPILER_GLOBAL_ACCENT_COLOR_NAME = AccentColor;
				CODE_SIGN_STYLE = Automatic;
				CURRENT_PROJECT_VERSION = 1;
				DEVELOPMENT_TEAM = B4BTF394JA;
				GENERATE_INFOPLIST_FILE = YES;
				INFOPLIST_FILE = loginPractice/Info.plist;
				INFOPLIST_KEY_UIApplicationSupportsIndirectInputEvents = YES;
				INFOPLIST_KEY_UILaunchStoryboardName = LaunchScreen;
				INFOPLIST_KEY_UIMainStoryboardFile = Main;
				INFOPLIST_KEY_UISupportedInterfaceOrientations_iPad = "UIInterfaceOrientationPortrait UIInterfaceOrientationPortraitUpsideDown UIInterfaceOrientationLandscapeLeft UIInterfaceOrientationLandscapeRight";
				INFOPLIST_KEY_UISupportedInterfaceOrientations_iPhone = "UIInterfaceOrientationPortrait UIInterfaceOrientationLandscapeLeft UIInterfaceOrientationLandscapeRight";
				LD_RUNPATH_SEARCH_PATHS = (
					"$(inherited)",
					"@executable_path/Frameworks",
				);
				MARKETING_VERSION = 1.0;
				PRODUCT_BUNDLE_IDENTIFIER = com.torinunna.loginPractice;
				PRODUCT_NAME = "$(TARGET_NAME)";
				SWIFT_EMIT_LOC_STRINGS = YES;
				SWIFT_VERSION = 5.0;
				TARGETED_DEVICE_FAMILY = "1,2";
			};
			name = Debug;
		};
		5F29750028845224007ABCE5 /* Release */ = {
			isa = XCBuildConfiguration;
			buildSettings = {
				ASSETCATALOG_COMPILER_APPICON_NAME = AppIcon;
				ASSETCATALOG_COMPILER_GLOBAL_ACCENT_COLOR_NAME = AccentColor;
				CODE_SIGN_STYLE = Automatic;
				CURRENT_PROJECT_VERSION = 1;
				DEVELOPMENT_TEAM = B4BTF394JA;
				GENERATE_INFOPLIST_FILE = YES;
				INFOPLIST_FILE = loginPractice/Info.plist;
				INFOPLIST_KEY_UIApplicationSupportsIndirectInputEvents = YES;
				INFOPLIST_KEY_UILaunchStoryboardName = LaunchScreen;
				INFOPLIST_KEY_UIMainStoryboardFile = Main;
				INFOPLIST_KEY_UISupportedInterfaceOrientations_iPad = "UIInterfaceOrientationPortrait UIInterfaceOrientationPortraitUpsideDown UIInterfaceOrientationLandscapeLeft UIInterfaceOrientationLandscapeRight";
				INFOPLIST_KEY_UISupportedInterfaceOrientations_iPhone = "UIInterfaceOrientationPortrait UIInterfaceOrientationLandscapeLeft UIInterfaceOrientationLandscapeRight";
				LD_RUNPATH_SEARCH_PATHS = (
					"$(inherited)",
					"@executable_path/Frameworks",
				);
				MARKETING_VERSION = 1.0;
				PRODUCT_BUNDLE_IDENTIFIER = com.torinunna.loginPractice;
				PRODUCT_NAME = "$(TARGET_NAME)";
				SWIFT_EMIT_LOC_STRINGS = YES;
				SWIFT_VERSION = 5.0;
				TARGETED_DEVICE_FAMILY = "1,2";
			};
			name = Release;
		};
/* End XCBuildConfiguration section */

/* Begin XCConfigurationList section */
		5F2974E52884521F007ABCE5 /* Build configuration list for PBXProject "loginPractice" */ = {
			isa = XCConfigurationList;
			buildConfigurations = (
				5F2974FC28845224007ABCE5 /* Debug */,
				5F2974FD28845224007ABCE5 /* Release */,
			);
			defaultConfigurationIsVisible = 0;
			defaultConfigurationName = Release;
		};
		5F2974FE28845224007ABCE5 /* Build configuration list for PBXNativeTarget "loginPractice" */ = {
			isa = XCConfigurationList;
			buildConfigurations = (
				5F2974FF28845224007ABCE5 /* Debug */,
				5F29750028845224007ABCE5 /* Release */,
			);
			defaultConfigurationIsVisible = 0;
			defaultConfigurationName = Release;
		};
/* End XCConfigurationList section */
	};
	rootObject = 5F2974E22884521F007ABCE5 /* Project object */;
}
